
Microsoft Visual Studio Solution File, Format Version 12.00
# Visual Studio 15
VisualStudioVersion = 15.0.28307.106
MinimumVisualStudioVersion = 10.0.40219.1
Project("{FAE04EC0-301F-11D3-BF4B-00C04F79EFBC}") = "CastingLabs", "CastingLabs.csproj", "{B683C2CE-EF5A-46B3-A393-979E318ADD6A}"
EndProject
Project("{FAE04EC0-301F-11D3-BF4B-00C04F79EFBC}") = "CastingLabsTests", "..\CastingLabsTests\CastingLabsTests.csproj", "{F4A61224-DD1B-446B-8B44-8F4C0D4805C0}"
EndProject
Global
	GlobalSection(SolutionConfigurationPlatforms) = preSolution
		Debug|Any CPU = Debug|Any CPU
		Release|Any CPU = Release|Any CPU
	EndGlobalSection
	GlobalSection(ProjectConfigurationPlatforms) = postSolution
		{B683C2CE-EF5A-46B3-A393-979E318ADD6A}.Debug|Any CPU.ActiveCfg = Debug|Any CPU
		{B683C2CE-EF5A-46B3-A393-979E318ADD6A}.Debug|Any CPU.Build.0 = Debug|Any CPU
		{B683C2CE-EF5A-46B3-A393-979E318ADD6A}.Release|Any CPU.ActiveCfg = Release|Any CPU
		{B683C2CE-EF5A-46B3-A393-979E318ADD6A}.Release|Any CPU.Build.0 = Release|Any CPU
		{F4A61224-DD1B-446B-8B44-8F4C0D4805C0}.Debug|Any CPU.ActiveCfg = Debug|Any CPU
		{F4A61224-DD1B-446B-8B44-8F4C0D4805C0}.Debug|Any CPU.Build.0 = Debug|Any CPU
		{F4A61224-DD1B-446B-8B44-8F4C0D4805C0}.Release|Any CPU.ActiveCfg = Release|Any CPU
		{F4A61224-DD1B-446B-8B44-8F4C0D4805C0}.Release|Any CPU.Build.0 = Release|Any CPU
	EndGlobalSection
	GlobalSection(SolutionProperties) = preSolution
		HideSolutionNode = FALSE
	EndGlobalSection
	GlobalSection(ExtensibilityGlobals) = postSolution
		SolutionGuid = {BAFB6CBE-B844-438F-AF6D-9810252B17DD}
	EndGlobalSection
EndGlobal
